
Microsoft Visual Studio Solution File, Format Version 12.00
# Visual Studio Version 17
VisualStudioVersion = 17.11.35327.3
MinimumVisualStudioVersion = 10.0.40219.1
Project("{FAE04EC0-301F-11D3-BF4B-00C04F79EFBC}") = "Tumakov_DZ", "DZ\Tumakov_DZ.csproj", "{6DCD9BE9-D0D0-4E58-B553-4EA172B707F0}"
EndProject
Project("{FAE04EC0-301F-11D3-BF4B-00C04F79EFBC}") = "DZ1", "DZ1\DZ1.csproj", "{8FEAB1B9-C822-43DC-8093-FCA40A636A33}"
EndProject
Global
	GlobalSection(SolutionConfigurationPlatforms) = preSolution
		Debug|Any CPU = Debug|Any CPU
		Release|Any CPU = Release|Any CPU
	EndGlobalSection
	GlobalSection(ProjectConfigurationPlatforms) = postSolution
		{6DCD9BE9-D0D0-4E58-B553-4EA172B707F0}.Debug|Any CPU.ActiveCfg = Debug|Any CPU
		{6DCD9BE9-D0D0-4E58-B553-4EA172B707F0}.Debug|Any CPU.Build.0 = Debug|Any CPU
		{6DCD9BE9-D0D0-4E58-B553-4EA172B707F0}.Release|Any CPU.ActiveCfg = Release|Any CPU
		{6DCD9BE9-D0D0-4E58-B553-4EA172B707F0}.Release|Any CPU.Build.0 = Release|Any CPU
		{8FEAB1B9-C822-43DC-8093-FCA40A636A33}.Debug|Any CPU.ActiveCfg = Debug|Any CPU
		{8FEAB1B9-C822-43DC-8093-FCA40A636A33}.Debug|Any CPU.Build.0 = Debug|Any CPU
		{8FEAB1B9-C822-43DC-8093-FCA40A636A33}.Release|Any CPU.ActiveCfg = Release|Any CPU
		{8FEAB1B9-C822-43DC-8093-FCA40A636A33}.Release|Any CPU.Build.0 = Release|Any CPU
	EndGlobalSection
	GlobalSection(SolutionProperties) = preSolution
		HideSolutionNode = FALSE
	EndGlobalSection
	GlobalSection(ExtensibilityGlobals) = postSolution
		SolutionGuid = {6BF79649-6848-4557-8E0F-E99C725C58FD}
	EndGlobalSection
EndGlobal
